
Microsoft Visual Studio Solution File, Format Version 12.00
# Visual Studio Version 17
VisualStudioVersion = 17.13.35931.197
MinimumVisualStudioVersion = 10.0.40219.1
Project("{FAE04EC0-301F-11D3-BF4B-00C04F79EFBC}") = "App.Repositories", "Repository\App.Repositories.csproj", "{864D62E0-E33B-4373-8240-1524B5639621}"
EndProject
Project("{FAE04EC0-301F-11D3-BF4B-00C04F79EFBC}") = "App.Services", "Service\App.Services.csproj", "{713B9C91-FF86-47BA-9DEC-4EF849A442F4}"
EndProject
Project("{FAE04EC0-301F-11D3-BF4B-00C04F79EFBC}") = "App.Api", "App.Api\App.Api.csproj", "{E2BB6933-5BDF-480D-AB3C-AFE5B35383D6}"
EndProject
Project("{2150E333-8FDC-42A3-9474-1A3956D46DE8}") = "N-Layer", "N-Layer", "{02EA681E-C7D8-13C7-8484-4AC65E1B71E8}"
EndProject
Project("{2150E333-8FDC-42A3-9474-1A3956D46DE8}") = "CleanArchitecture", "CleanArchitecture", "{6128BACA-AB45-4450-A71E-7F6AB8136945}"
EndProject
Project("{2150E333-8FDC-42A3-9474-1A3956D46DE8}") = "src", "src", "{B5E6F9A7-19E2-4D09-A2C6-288FA32BED75}"
EndProject
Project("{2150E333-8FDC-42A3-9474-1A3956D46DE8}") = "test", "test", "{83A826A0-E3BD-41B1-ABB6-1A5EDD2A6ACF}"
EndProject
Project("{2150E333-8FDC-42A3-9474-1A3956D46DE8}") = "core", "core", "{C240717F-63C5-41CC-8037-E6D032F8376A}"
EndProject
Project("{FAE04EC0-301F-11D3-BF4B-00C04F79EFBC}") = "App.Domain", "App.Domain\App.Domain.csproj", "{4C21C993-F68C-45F4-91AB-07FF0388B553}"
EndProject
Project("{FAE04EC0-301F-11D3-BF4B-00C04F79EFBC}") = "App.Application", "App.Application\App.Application.csproj", "{DC610E31-3EB3-45DB-A565-E23D1F3DAA6A}"
EndProject
Project("{2150E333-8FDC-42A3-9474-1A3956D46DE8}") = "infrastructure", "infrastructure", "{784FD3FB-FADA-4875-82CB-D24DCFC15AA5}"
EndProject
Project("{FAE04EC0-301F-11D3-BF4B-00C04F79EFBC}") = "App.Persistance", "App.Persistance\App.Persistance.csproj", "{238EB9F6-6327-435E-B4AC-9A8ABB34712F}"
EndProject
Project("{2150E333-8FDC-42A3-9474-1A3956D46DE8}") = "Api", "Api", "{5EB10114-3F23-44E9-989A-7B9BD886440F}"
EndProject
Project("{FAE04EC0-301F-11D3-BF4B-00C04F79EFBC}") = "CleanApp.Api", "CleanApp.Api\CleanApp.Api.csproj", "{08780BDC-98E4-40E7-873B-336B11EE8B9F}"
EndProject
Project("{FAE04EC0-301F-11D3-BF4B-00C04F79EFBC}") = "App.Caching", "App.Caching\App.Caching.csproj", "{417A6AE4-C864-42AE-AD3B-C9D28054710E}"
EndProject
Project("{FAE04EC0-301F-11D3-BF4B-00C04F79EFBC}") = "AddBus", "AddBus\AddBus.csproj", "{FA5466C8-08F4-440F-8118-3E410F78A50E}"
EndProject
Global
	GlobalSection(SolutionConfigurationPlatforms) = preSolution
		Debug|Any CPU = Debug|Any CPU
		Release|Any CPU = Release|Any CPU
	EndGlobalSection
	GlobalSection(ProjectConfigurationPlatforms) = postSolution
		{864D62E0-E33B-4373-8240-1524B5639621}.Debug|Any CPU.ActiveCfg = Debug|Any CPU
		{864D62E0-E33B-4373-8240-1524B5639621}.Debug|Any CPU.Build.0 = Debug|Any CPU
		{864D62E0-E33B-4373-8240-1524B5639621}.Release|Any CPU.ActiveCfg = Release|Any CPU
		{864D62E0-E33B-4373-8240-1524B5639621}.Release|Any CPU.Build.0 = Release|Any CPU
		{713B9C91-FF86-47BA-9DEC-4EF849A442F4}.Debug|Any CPU.ActiveCfg = Debug|Any CPU
		{713B9C91-FF86-47BA-9DEC-4EF849A442F4}.Debug|Any CPU.Build.0 = Debug|Any CPU
		{713B9C91-FF86-47BA-9DEC-4EF849A442F4}.Release|Any CPU.ActiveCfg = Release|Any CPU
		{713B9C91-FF86-47BA-9DEC-4EF849A442F4}.Release|Any CPU.Build.0 = Release|Any CPU
		{E2BB6933-5BDF-480D-AB3C-AFE5B35383D6}.Debug|Any CPU.ActiveCfg = Debug|Any CPU
		{E2BB6933-5BDF-480D-AB3C-AFE5B35383D6}.Debug|Any CPU.Build.0 = Debug|Any CPU
		{E2BB6933-5BDF-480D-AB3C-AFE5B35383D6}.Release|Any CPU.ActiveCfg = Release|Any CPU
		{E2BB6933-5BDF-480D-AB3C-AFE5B35383D6}.Release|Any CPU.Build.0 = Release|Any CPU
		{4C21C993-F68C-45F4-91AB-07FF0388B553}.Debug|Any CPU.ActiveCfg = Debug|Any CPU
		{4C21C993-F68C-45F4-91AB-07FF0388B553}.Debug|Any CPU.Build.0 = Debug|Any CPU
		{4C21C993-F68C-45F4-91AB-07FF0388B553}.Release|Any CPU.ActiveCfg = Release|Any CPU
		{4C21C993-F68C-45F4-91AB-07FF0388B553}.Release|Any CPU.Build.0 = Release|Any CPU
		{DC610E31-3EB3-45DB-A565-E23D1F3DAA6A}.Debug|Any CPU.ActiveCfg = Debug|Any CPU
		{DC610E31-3EB3-45DB-A565-E23D1F3DAA6A}.Debug|Any CPU.Build.0 = Debug|Any CPU
		{DC610E31-3EB3-45DB-A565-E23D1F3DAA6A}.Release|Any CPU.ActiveCfg = Release|Any CPU
		{DC610E31-3EB3-45DB-A565-E23D1F3DAA6A}.Release|Any CPU.Build.0 = Release|Any CPU
		{238EB9F6-6327-435E-B4AC-9A8ABB34712F}.Debug|Any CPU.ActiveCfg = Debug|Any CPU
		{238EB9F6-6327-435E-B4AC-9A8ABB34712F}.Debug|Any CPU.Build.0 = Debug|Any CPU
		{238EB9F6-6327-435E-B4AC-9A8ABB34712F}.Release|Any CPU.ActiveCfg = Release|Any CPU
		{238EB9F6-6327-435E-B4AC-9A8ABB34712F}.Release|Any CPU.Build.0 = Release|Any CPU
		{08780BDC-98E4-40E7-873B-336B11EE8B9F}.Debug|Any CPU.ActiveCfg = Debug|Any CPU
		{08780BDC-98E4-40E7-873B-336B11EE8B9F}.Debug|Any CPU.Build.0 = Debug|Any CPU
		{08780BDC-98E4-40E7-873B-336B11EE8B9F}.Release|Any CPU.ActiveCfg = Release|Any CPU
		{08780BDC-98E4-40E7-873B-336B11EE8B9F}.Release|Any CPU.Build.0 = Release|Any CPU
		{417A6AE4-C864-42AE-AD3B-C9D28054710E}.Debug|Any CPU.ActiveCfg = Debug|Any CPU
		{417A6AE4-C864-42AE-AD3B-C9D28054710E}.Debug|Any CPU.Build.0 = Debug|Any CPU
		{417A6AE4-C864-42AE-AD3B-C9D28054710E}.Release|Any CPU.ActiveCfg = Release|Any CPU
		{417A6AE4-C864-42AE-AD3B-C9D28054710E}.Release|Any CPU.Build.0 = Release|Any CPU
		{FA5466C8-08F4-440F-8118-3E410F78A50E}.Debug|Any CPU.ActiveCfg = Debug|Any CPU
		{FA5466C8-08F4-440F-8118-3E410F78A50E}.Debug|Any CPU.Build.0 = Debug|Any CPU
		{FA5466C8-08F4-440F-8118-3E410F78A50E}.Release|Any CPU.ActiveCfg = Release|Any CPU
		{FA5466C8-08F4-440F-8118-3E410F78A50E}.Release|Any CPU.Build.0 = Release|Any CPU
	EndGlobalSection
	GlobalSection(SolutionProperties) = preSolution
		HideSolutionNode = FALSE
	EndGlobalSection
	GlobalSection(NestedProjects) = preSolution
		{864D62E0-E33B-4373-8240-1524B5639621} = {02EA681E-C7D8-13C7-8484-4AC65E1B71E8}
		{713B9C91-FF86-47BA-9DEC-4EF849A442F4} = {02EA681E-C7D8-13C7-8484-4AC65E1B71E8}
		{E2BB6933-5BDF-480D-AB3C-AFE5B35383D6} = {02EA681E-C7D8-13C7-8484-4AC65E1B71E8}
		{B5E6F9A7-19E2-4D09-A2C6-288FA32BED75} = {6128BACA-AB45-4450-A71E-7F6AB8136945}
		{83A826A0-E3BD-41B1-ABB6-1A5EDD2A6ACF} = {6128BACA-AB45-4450-A71E-7F6AB8136945}
		{C240717F-63C5-41CC-8037-E6D032F8376A} = {B5E6F9A7-19E2-4D09-A2C6-288FA32BED75}
		{4C21C993-F68C-45F4-91AB-07FF0388B553} = {C240717F-63C5-41CC-8037-E6D032F8376A}
		{DC610E31-3EB3-45DB-A565-E23D1F3DAA6A} = {C240717F-63C5-41CC-8037-E6D032F8376A}
		{784FD3FB-FADA-4875-82CB-D24DCFC15AA5} = {B5E6F9A7-19E2-4D09-A2C6-288FA32BED75}
		{238EB9F6-6327-435E-B4AC-9A8ABB34712F} = {784FD3FB-FADA-4875-82CB-D24DCFC15AA5}
		{5EB10114-3F23-44E9-989A-7B9BD886440F} = {6128BACA-AB45-4450-A71E-7F6AB8136945}
		{08780BDC-98E4-40E7-873B-336B11EE8B9F} = {5EB10114-3F23-44E9-989A-7B9BD886440F}
		{417A6AE4-C864-42AE-AD3B-C9D28054710E} = {784FD3FB-FADA-4875-82CB-D24DCFC15AA5}
		{FA5466C8-08F4-440F-8118-3E410F78A50E} = {784FD3FB-FADA-4875-82CB-D24DCFC15AA5}
	EndGlobalSection
	GlobalSection(ExtensibilityGlobals) = postSolution
		SolutionGuid = {BC9CE93F-752A-46C0-A6BC-56F7BC1D8310}
	EndGlobalSection
EndGlobal
